
Microsoft Visual Studio Solution File, Format Version 12.00
# Visual Studio Version 17
VisualStudioVersion = 17.4.33103.184
MinimumVisualStudioVersion = 10.0.40219.1
Project("{FAE04EC0-301F-11D3-BF4B-00C04F79EFBC}") = "BlockChainInterview", "BlockChainInterview\BlockChainInterview.csproj", "{9C5831B7-DFAD-4CEB-A071-A864D72D09C0}"
EndProject
Global
	GlobalSection(SolutionConfigurationPlatforms) = preSolution
		Debug|Any CPU = Debug|Any CPU
		Release|Any CPU = Release|Any CPU
	EndGlobalSection
	GlobalSection(ProjectConfigurationPlatforms) = postSolution
		{9C5831B7-DFAD-4CEB-A071-A864D72D09C0}.Debug|Any CPU.ActiveCfg = Debug|Any CPU
		{9C5831B7-DFAD-4CEB-A071-A864D72D09C0}.Debug|Any CPU.Build.0 = Debug|Any CPU
		{9C5831B7-DFAD-4CEB-A071-A864D72D09C0}.Release|Any CPU.ActiveCfg = Release|Any CPU
		{9C5831B7-DFAD-4CEB-A071-A864D72D09C0}.Release|Any CPU.Build.0 = Release|Any CPU
	EndGlobalSection
	GlobalSection(SolutionProperties) = preSolution
		HideSolutionNode = FALSE
	EndGlobalSection
	GlobalSection(ExtensibilityGlobals) = postSolution
		SolutionGuid = {67E26D62-BEC8-423E-A45B-756668718348}
	EndGlobalSection
EndGlobal
